{
  "name": "dotjs-cache",
  "version": "2.0.0",
  "lockfileVersion": 1,
  "requires": true,
  "dependencies": {
    "@honeo/check": {
      "version": "1.0.2",
      "resolved": "https://registry.npmjs.org/@honeo/check/-/check-1.0.2.tgz",
      "integrity": "sha1-SrCbgE1yXs4YkDgkzE/BGuzCChg="
    },
    "@honeo/type-check": {
      "version": "https://registry.npmjs.org/@honeo/type-check/-/type-check-2.3.0.tgz",
      "integrity": "sha1-AU7pL8bez631QggZRx4MiZjADwg="
    },
    "date-changer": {
      "version": "https://registry.npmjs.org/date-changer/-/date-changer-1.0.1.tgz",
      "integrity": "sha1-E9PlGqmNLO1xbPI52W94cUNjJ0c=",
      "requires": {
        "@honeo/type-check": "https://registry.npmjs.org/@honeo/type-check/-/type-check-2.3.0.tgz"
      }
    }
  }
}
